
Microsoft Visual Studio Solution File, Format Version 12.00
# Visual Studio Version 17
VisualStudioVersion = 17.10.34928.147
MinimumVisualStudioVersion = 10.0.40219.1
Project("{FAE04EC0-301F-11D3-BF4B-00C04F79EFBC}") = "TribalPlayingEnhencementMod", "TribalPlayingEnhencementMod.csproj", "{B298B534-ED05-44FB-B9BE-8E5705079711}"
EndProject
Global
	GlobalSection(SolutionConfigurationPlatforms) = preSolution
		Debug|Any CPU = Debug|Any CPU
		Release|Any CPU = Release|Any CPU
	EndGlobalSection
	GlobalSection(ProjectConfigurationPlatforms) = postSolution
		{B298B534-ED05-44FB-B9BE-8E5705079711}.Debug|Any CPU.ActiveCfg = Debug|Any CPU
		{B298B534-ED05-44FB-B9BE-8E5705079711}.Debug|Any CPU.Build.0 = Debug|Any CPU
		{B298B534-ED05-44FB-B9BE-8E5705079711}.Release|Any CPU.ActiveCfg = Release|Any CPU
		{B298B534-ED05-44FB-B9BE-8E5705079711}.Release|Any CPU.Build.0 = Release|Any CPU
	EndGlobalSection
	GlobalSection(SolutionProperties) = preSolution
		HideSolutionNode = FALSE
	EndGlobalSection
	GlobalSection(ExtensibilityGlobals) = postSolution
		SolutionGuid = {A43E0866-ECC7-4636-A5AF-9C8F5F0714A3}
	EndGlobalSection
EndGlobal
